PODS:
  - BottomPopup (0.3.1)
  - VBRRollingPit (1.0.1)

DEPENDENCIES:
  - BottomPopup
  - VBRRollingPit

SPEC CHECKSUMS:
  BottomPopup: 1031c8937466ca350d68e293f1d8e463e758e150
  VBRRollingPit: 62a79cc663aeea6a196878b3a907056617f96b6a

PODFILE CHECKSUM: 1b7662636a41815385c3696960be72aa35c0b35e

COCOAPODS: 1.2.1
