PODS:
  - BottomPopup (0.3.1)
  - lottie-ios (2.5.2)
  - VBRRollingPit (1.0.1)

DEPENDENCIES:
  - BottomPopup
  - lottie-ios
  - VBRRollingPit

SPEC CHECKSUMS:
  BottomPopup: 1031c8937466ca350d68e293f1d8e463e758e150
  lottie-ios: 3fef45d3fabe63e3c7c2eb603dd64ddfffc73062
  VBRRollingPit: 62a79cc663aeea6a196878b3a907056617f96b6a

PODFILE CHECKSUM: e77988ec75dac2166aa62fbbabc65cbc064d7943

COCOAPODS: 1.2.1
